bot1: in
bot2: out
bot2: out
bot2: out
bot2: out
bot1: out
bot1: in
bot1: out
bot1: in
bot1: out
bot1: out
bot1: in
bot1: out
bot1: in
bot1: out
bot1: in
bot1: out
bot1: in
bot1: out
bot1: in
bot1: out
bot1: in
bot1: out
bot1: in
bot1: out
bot1: in
bot1: out
bot1: in
bot1: out
bot1: in
bot1: out
bot1: in
bot1: out
bot1: in
bot1: out
bot1: in
bot1: out
bot1: in
bot1: out
bot1: in
bot1: out
bot1: in
bot1: out
bot1: in
bot1: out
bot1: out
bot1: in
bot1: out
bot1: in
bot1: out
bot1: in
bot1: out
bot1: in
bot1: out
bot1: in
bot1: out
bot1: in
bot1: out
bot1: in
bot1: out
bot1: in
bot1: out
bot1: in
bot1: out
bot1: in
bot1: out
bot1: in
bot1: out
bot1: in
bot1: out
bot1: in
bot1: out
bot1: in
bot1: out
bot1: in
bot1: out
bot1: in
bot1: out
bot1: in
bot1: out
bot1: in
bot1: out
bot1: out
bot1: in
bot1: out
bot1: in
bot1: out
bot1: in
bot1: out
bot1: in
bot1: out
bot1: in
bot1: out
bot1: in
bot1: out
bot1: in
bot1: out
bot1: in
bot1: out
bot1: in
bot1: out
bot1: in
bot1: out
bot1: in
bot1: out
bot1: in
bot1: out
bot1: in
bot1: out
bot1: in
bot1: out
bot1: in
bot1: out
bot1: in
bot1: out
bot1: in
bot1: out
bot1: in
bot1: out
bot1: in
bot1: out
bot1: out
bot1: in
bot1: out
